
Microsoft Visual Studio Solution File, Format Version 12.00
# Visual Studio Version 16
VisualStudioVersion = 16.0.30523.141
MinimumVisualStudioVersion = 10.0.40219.1
Project("{FAE04EC0-301F-11D3-BF4B-00C04F79EFBC}") = "RespawnTimer", "RespawnTimer\RespawnTimer.csproj", "{8A5C7D97-95AE-4008-B32E-B365B30DBA30}"
EndProject
Global
	GlobalSection(SolutionConfigurationPlatforms) = preSolution
		Basic|x64 = Basic|x64
		HSM|x64 = HSM|x64
	EndGlobalSection
	GlobalSection(ProjectConfigurationPlatforms) = postSolution
		{8A5C7D97-95AE-4008-B32E-B365B30DBA30}.Basic|x64.ActiveCfg = Basic|x64
		{8A5C7D97-95AE-4008-B32E-B365B30DBA30}.Basic|x64.Build.0 = Basic|x64
		{8A5C7D97-95AE-4008-B32E-B365B30DBA30}.HSM|x64.ActiveCfg = HSM|x64
		{8A5C7D97-95AE-4008-B32E-B365B30DBA30}.HSM|x64.Build.0 = HSM|x64
	EndGlobalSection
	GlobalSection(SolutionProperties) = preSolution
		HideSolutionNode = FALSE
	EndGlobalSection
	GlobalSection(ExtensibilityGlobals) = postSolution
		SolutionGuid = {B37E0083-57ED-4253-90EF-908606A4C025}
	EndGlobalSection
EndGlobal
